
Microsoft Visual Studio Solution File, Format Version 12.00
# Visual Studio Version 16
VisualStudioVersion = 16.0.31321.278
MinimumVisualStudioVersion = 10.0.40219.1
Project("{FAE04EC0-301F-11D3-BF4B-00C04F79EFBC}") = "Last_Linq", "Last_Linq\Last_Linq.csproj", "{B714C6D8-B043-4AE2-A11C-2767A08FBDCE}"
EndProject
Global
	GlobalSection(SolutionConfigurationPlatforms) = preSolution
		Debug|Any CPU = Debug|Any CPU
		Release|Any CPU = Release|Any CPU
	EndGlobalSection
	GlobalSection(ProjectConfigurationPlatforms) = postSolution
		{B714C6D8-B043-4AE2-A11C-2767A08FBDCE}.Debug|Any CPU.ActiveCfg = Debug|Any CPU
		{B714C6D8-B043-4AE2-A11C-2767A08FBDCE}.Debug|Any CPU.Build.0 = Debug|Any CPU
		{B714C6D8-B043-4AE2-A11C-2767A08FBDCE}.Release|Any CPU.ActiveCfg = Release|Any CPU
		{B714C6D8-B043-4AE2-A11C-2767A08FBDCE}.Release|Any CPU.Build.0 = Release|Any CPU
	EndGlobalSection
	GlobalSection(SolutionProperties) = preSolution
		HideSolutionNode = FALSE
	EndGlobalSection
	GlobalSection(ExtensibilityGlobals) = postSolution
		SolutionGuid = {1048B830-D59B-484B-BDC1-86C384A885EE}
	EndGlobalSection
EndGlobal
