
Microsoft Visual Studio Solution File, Format Version 12.00
# Visual Studio Version 16
VisualStudioVersion = 16.0.31321.278
MinimumVisualStudioVersion = 10.0.40219.1
Project("{FAE04EC0-301F-11D3-BF4B-00C04F79EFBC}") = "KakaoApiMapView", "KakaoApiMapView\KakaoApiMapView.csproj", "{F24612FA-8282-456F-BFF9-932F23B60D2E}"
EndProject
Global
	GlobalSection(SolutionConfigurationPlatforms) = preSolution
		Debug|Any CPU = Debug|Any CPU
		Release|Any CPU = Release|Any CPU
	EndGlobalSection
	GlobalSection(ProjectConfigurationPlatforms) = postSolution
		{F24612FA-8282-456F-BFF9-932F23B60D2E}.Debug|Any CPU.ActiveCfg = Debug|Any CPU
		{F24612FA-8282-456F-BFF9-932F23B60D2E}.Debug|Any CPU.Build.0 = Debug|Any CPU
		{F24612FA-8282-456F-BFF9-932F23B60D2E}.Release|Any CPU.ActiveCfg = Release|Any CPU
		{F24612FA-8282-456F-BFF9-932F23B60D2E}.Release|Any CPU.Build.0 = Release|Any CPU
	EndGlobalSection
	GlobalSection(SolutionProperties) = preSolution
		HideSolutionNode = FALSE
	EndGlobalSection
	GlobalSection(ExtensibilityGlobals) = postSolution
		SolutionGuid = {E4B531CB-E886-4745-B757-453A41D5E3FA}
	EndGlobalSection
EndGlobal
