
Microsoft Visual Studio Solution File, Format Version 12.00
# Visual Studio Version 16
VisualStudioVersion = 16.0.31321.278
MinimumVisualStudioVersion = 10.0.40219.1
Project("{FAE04EC0-301F-11D3-BF4B-00C04F79EFBC}") = "StudyDataGrid_API", "StudyDataGrid_API\StudyDataGrid_API.csproj", "{DE6A645A-3A25-45F8-8E10-EB72FFF34446}"
EndProject
Global
	GlobalSection(SolutionConfigurationPlatforms) = preSolution
		Debug|Any CPU = Debug|Any CPU
		Release|Any CPU = Release|Any CPU
	EndGlobalSection
	GlobalSection(ProjectConfigurationPlatforms) = postSolution
		{DE6A645A-3A25-45F8-8E10-EB72FFF34446}.Debug|Any CPU.ActiveCfg = Debug|Any CPU
		{DE6A645A-3A25-45F8-8E10-EB72FFF34446}.Debug|Any CPU.Build.0 = Debug|Any CPU
		{DE6A645A-3A25-45F8-8E10-EB72FFF34446}.Release|Any CPU.ActiveCfg = Release|Any CPU
		{DE6A645A-3A25-45F8-8E10-EB72FFF34446}.Release|Any CPU.Build.0 = Release|Any CPU
	EndGlobalSection
	GlobalSection(SolutionProperties) = preSolution
		HideSolutionNode = FALSE
	EndGlobalSection
	GlobalSection(ExtensibilityGlobals) = postSolution
		SolutionGuid = {1F7B6217-95A8-441C-A372-55497D745061}
	EndGlobalSection
EndGlobal
